
Microsoft Visual Studio Solution File, Format Version 12.00
# Visual Studio 14
VisualStudioVersion = 14.0.25420.1
MinimumVisualStudioVersion = 10.0.40219.1
Project("{8BC9CEB8-8B4A-11D0-8D11-00A0C91BC942}") = "JFStringClasses", "JFStringClass\JFStringClass.vcxproj", "{018813B9-5ACC-470E-92F4-30B238547E41}"
EndProject
Project("{8BC9CEB8-8B4A-11D0-8D11-00A0C91BC942}") = "TESTClass", "TESTClass\TESTClass.vcxproj", "{8D05FA26-AA06-4D06-91B2-F89484D26924}"
	ProjectSection(ProjectDependencies) = postProject
		{93A21F38-E25A-4DD1-910E-4751E43F9A65} = {93A21F38-E25A-4DD1-910E-4751E43F9A65}
		{018813B9-5ACC-470E-92F4-30B238547E41} = {018813B9-5ACC-470E-92F4-30B238547E41}
	EndProjectSection
EndProject
Project("{8BC9CEB8-8B4A-11D0-8D11-00A0C91BC942}") = "JFStudyClasses", "JFStudyClasses\JFStudyClasses.vcxproj", "{93A21F38-E25A-4DD1-910E-4751E43F9A65}"
EndProject
Project("{8BC9CEB8-8B4A-11D0-8D11-00A0C91BC942}") = "JFArchiveClasses.Shared", "JFArchiveClasses\JFArchiveClasses.vcxitems", "{45D41ACC-2C3C-43D2-BC10-02AA73FFC7C7}"
EndProject
Project("{2150E333-8FDC-42A3-9474-1A3956D46DE8}") = "Windows Native", "Windows Native", "{6EB6C4B1-3FA3-48BE-8BD2-89EFB9C0CEBA}"
EndProject
Project("{8BC9CEB8-8B4A-11D0-8D11-00A0C91BC942}") = "JFArchiveClasses(Windows)", "JFArchiveClasses\JFArchiveClasses(Windows)\JFArchiveClasses(Windows).vcxproj", "{FF9AE5A5-1553-4821-990A-1AC06EDC6710}"
EndProject
Project("{8BC9CEB8-8B4A-11D0-8D11-00A0C91BC942}") = "JFObjectClasses.Shared", "JFObjectClasses.Shared\JFObjectClasses.Shared.vcxitems", "{9713BCC9-82AE-4FBC-A0DF-4FE859CD88A1}"
EndProject
Project("{8BC9CEB8-8B4A-11D0-8D11-00A0C91BC942}") = "JFCommonClasses.Shared", "JFCommonClasses\JFCommonClasses.vcxitems", "{286FAE71-1464-44A5-8792-4E80FDD20AB7}"
EndProject
Project("{8BC9CEB8-8B4A-11D0-8D11-00A0C91BC942}") = "JFObjectClasses(Windows)", "JFObjectClasses\JFObjectClasses(Windows)\JFObjectClasses(Windows).vcxproj", "{0E2AB869-6AAF-4DCA-BCC1-31ACFC690D79}"
EndProject
Global
	GlobalSection(SolutionConfigurationPlatforms) = preSolution
		Debug|x64 = Debug|x64
		Debug|x86 = Debug|x86
		Release|x64 = Release|x64
		Release|x86 = Release|x86
	EndGlobalSection
	GlobalSection(ProjectConfigurationPlatforms) = postSolution
		{018813B9-5ACC-470E-92F4-30B238547E41}.Debug|x64.ActiveCfg = Debug|x64
		{018813B9-5ACC-470E-92F4-30B238547E41}.Debug|x64.Build.0 = Debug|x64
		{018813B9-5ACC-470E-92F4-30B238547E41}.Debug|x86.ActiveCfg = Debug|x64
		{018813B9-5ACC-470E-92F4-30B238547E41}.Debug|x86.Build.0 = Debug|x64
		{018813B9-5ACC-470E-92F4-30B238547E41}.Release|x64.ActiveCfg = Release|x64
		{018813B9-5ACC-470E-92F4-30B238547E41}.Release|x64.Build.0 = Release|x64
		{018813B9-5ACC-470E-92F4-30B238547E41}.Release|x86.ActiveCfg = Release|Win32
		{018813B9-5ACC-470E-92F4-30B238547E41}.Release|x86.Build.0 = Release|Win32
		{8D05FA26-AA06-4D06-91B2-F89484D26924}.Debug|x64.ActiveCfg = Debug|x64
		{8D05FA26-AA06-4D06-91B2-F89484D26924}.Debug|x64.Build.0 = Debug|x64
		{8D05FA26-AA06-4D06-91B2-F89484D26924}.Debug|x86.ActiveCfg = Debug|x64
		{8D05FA26-AA06-4D06-91B2-F89484D26924}.Debug|x86.Build.0 = Debug|x64
		{8D05FA26-AA06-4D06-91B2-F89484D26924}.Release|x64.ActiveCfg = Release|x64
		{8D05FA26-AA06-4D06-91B2-F89484D26924}.Release|x64.Build.0 = Release|x64
		{8D05FA26-AA06-4D06-91B2-F89484D26924}.Release|x86.ActiveCfg = Release|Win32
		{8D05FA26-AA06-4D06-91B2-F89484D26924}.Release|x86.Build.0 = Release|Win32
		{93A21F38-E25A-4DD1-910E-4751E43F9A65}.Debug|x64.ActiveCfg = Debug|x64
		{93A21F38-E25A-4DD1-910E-4751E43F9A65}.Debug|x64.Build.0 = Debug|x64
		{93A21F38-E25A-4DD1-910E-4751E43F9A65}.Debug|x86.ActiveCfg = Debug|Win32
		{93A21F38-E25A-4DD1-910E-4751E43F9A65}.Debug|x86.Build.0 = Debug|Win32
		{93A21F38-E25A-4DD1-910E-4751E43F9A65}.Release|x64.ActiveCfg = Release|x64
		{93A21F38-E25A-4DD1-910E-4751E43F9A65}.Release|x64.Build.0 = Release|x64
		{93A21F38-E25A-4DD1-910E-4751E43F9A65}.Release|x86.ActiveCfg = Release|Win32
		{93A21F38-E25A-4DD1-910E-4751E43F9A65}.Release|x86.Build.0 = Release|Win32
		{FF9AE5A5-1553-4821-990A-1AC06EDC6710}.Debug|x64.ActiveCfg = Debug|x64
		{FF9AE5A5-1553-4821-990A-1AC06EDC6710}.Debug|x64.Build.0 = Debug|x64
		{FF9AE5A5-1553-4821-990A-1AC06EDC6710}.Debug|x86.ActiveCfg = Debug|Win32
		{FF9AE5A5-1553-4821-990A-1AC06EDC6710}.Debug|x86.Build.0 = Debug|Win32
		{FF9AE5A5-1553-4821-990A-1AC06EDC6710}.Release|x64.ActiveCfg = Release|x64
		{FF9AE5A5-1553-4821-990A-1AC06EDC6710}.Release|x64.Build.0 = Release|x64
		{FF9AE5A5-1553-4821-990A-1AC06EDC6710}.Release|x86.ActiveCfg = Release|Win32
		{FF9AE5A5-1553-4821-990A-1AC06EDC6710}.Release|x86.Build.0 = Release|Win32
		{0E2AB869-6AAF-4DCA-BCC1-31ACFC690D79}.Debug|x64.ActiveCfg = Debug|x64
		{0E2AB869-6AAF-4DCA-BCC1-31ACFC690D79}.Debug|x64.Build.0 = Debug|x64
		{0E2AB869-6AAF-4DCA-BCC1-31ACFC690D79}.Debug|x86.ActiveCfg = Debug|Win32
		{0E2AB869-6AAF-4DCA-BCC1-31ACFC690D79}.Debug|x86.Build.0 = Debug|Win32
		{0E2AB869-6AAF-4DCA-BCC1-31ACFC690D79}.Release|x64.ActiveCfg = Release|x64
		{0E2AB869-6AAF-4DCA-BCC1-31ACFC690D79}.Release|x64.Build.0 = Release|x64
		{0E2AB869-6AAF-4DCA-BCC1-31ACFC690D79}.Release|x86.ActiveCfg = Release|Win32
		{0E2AB869-6AAF-4DCA-BCC1-31ACFC690D79}.Release|x86.Build.0 = Release|Win32
	EndGlobalSection
	GlobalSection(SolutionProperties) = preSolution
		HideSolutionNode = FALSE
	EndGlobalSection
	GlobalSection(NestedProjects) = preSolution
		{FF9AE5A5-1553-4821-990A-1AC06EDC6710} = {6EB6C4B1-3FA3-48BE-8BD2-89EFB9C0CEBA}
		{0E2AB869-6AAF-4DCA-BCC1-31ACFC690D79} = {6EB6C4B1-3FA3-48BE-8BD2-89EFB9C0CEBA}
	EndGlobalSection
EndGlobal
