<?xml version="1.0" encoding="utf-8"?>
<Project ToolsVersion="4.0" xmlns="http://schemas.microsoft.com/developer/msbuild/2003">
  <ItemGroup>
    <ClInclude Include="..\..\include\JFStudyClasses\JFStudyClasses.h" />
    <ClInclude Include="..\..\include\JFStudyClasses\JFLinkedList.h">
      <Filter>LinkedList</Filter>
    </ClInclude>
    <ClInclude Include="..\..\include\JFStudyClasses\JFSortUtiles.h">
      <Filter>Sort</Filter>
    </ClInclude>
    <ClInclude Include="..\..\include\JFStudyClasses\JFSearchUtiles.h">
      <Filter>Search</Filter>
    </ClInclude>
    <ClInclude Include="..\..\include\JFStudyClasses\JFRedBlackTree.h" />
  </ItemGroup>
  <ItemGroup>
    <Filter Include="LinkedList">
      <UniqueIdentifier>{8ae21222-eed2-4cb0-ab71-70fb809fecb1}</UniqueIdentifier>
    </Filter>
    <Filter Include="Sort">
      <UniqueIdentifier>{036a1ad0-97f1-4eed-a19c-cb0f32a941c6}</UniqueIdentifier>
    </Filter>
    <Filter Include="Search">
      <UniqueIdentifier>{883fdeb4-47c8-451b-bce0-0054875964b4}</UniqueIdentifier>
    </Filter>
  </ItemGroup>
</Project>