<?xml version="1.0" encoding="utf-8"?>
<Project ToolsVersion="4.0" xmlns="http://schemas.microsoft.com/developer/msbuild/2003">
  <ItemGroup>
    <ClInclude Include="..\..\include\JFStudyClasses\JFStudyClasses.h" />
    <ClInclude Include="..\..\include\JFStudyClasses\JFLinkedList.h">
      <Filter>LinkedList</Filter>
    </ClInclude>
    <ClInclude Include="..\..\include\JFStudyClasses\JFSortUtiles.h">
      <Filter>Sort</Filter>
    </ClInclude>
    <ClInclude Include="..\..\include\JFStudyClasses\JFSearchUtiles.h">
      <Filter>Search</Filter>
    </ClInclude>
    <ClInclude Include="..\..\include\JFStudyClasses\JFDivisionHashTable.h">
      <Filter>HashTable</Filter>
    </ClInclude>
    <ClInclude Include="..\..\include\JFStudyClasses\JFRedBlackTree.h">
      <Filter>Tree</Filter>
    </ClInclude>
    <ClInclude Include="..\..\include\JFStudyClasses\JFPriorityQueue.h">
      <Filter>Queue</Filter>
    </ClInclude>
    <ClInclude Include="..\..\include\JFStudyClasses\JFDigitsFolding.h">
      <Filter>HashTable</Filter>
    </ClInclude>
    <ClInclude Include="..\..\include\JFStudyClasses\JFBoyerMoore.h">
      <Filter>Search</Filter>
    </ClInclude>
    <ClInclude Include="..\..\include\JFStudyClasses\JFUtileFuntions.h" />
    <ClInclude Include="..\..\include\JFStudyClasses\JFHuffman.h" />
  </ItemGroup>
  <ItemGroup>
    <Filter Include="Sort">
      <UniqueIdentifier>{036a1ad0-97f1-4eed-a19c-cb0f32a941c6}</UniqueIdentifier>
    </Filter>
    <Filter Include="Search">
      <UniqueIdentifier>{883fdeb4-47c8-451b-bce0-0054875964b4}</UniqueIdentifier>
    </Filter>
    <Filter Include="HashTable">
      <UniqueIdentifier>{74aeaddd-289d-4443-a3d0-b053d5e8d8a7}</UniqueIdentifier>
    </Filter>
    <Filter Include="LinkedList">
      <UniqueIdentifier>{8ae21222-eed2-4cb0-ab71-70fb809fecb1}</UniqueIdentifier>
    </Filter>
    <Filter Include="Tree">
      <UniqueIdentifier>{8fd7204c-48ea-459e-ab80-8b5f0c3e5e81}</UniqueIdentifier>
    </Filter>
    <Filter Include="Queue">
      <UniqueIdentifier>{1c077223-9d28-458d-bb1b-a603bda825b5}</UniqueIdentifier>
    </Filter>
  </ItemGroup>
  <ItemGroup>
    <ClCompile Include="JFBoyerMoore.cpp">
      <Filter>Search</Filter>
    </ClCompile>
    <ClCompile Include="JFHuffman.cpp" />
  </ItemGroup>
</Project>