<?xml version="1.0" encoding="utf-8"?>
<Project ToolsVersion="4.0" xmlns="http://schemas.microsoft.com/developer/msbuild/2003">
  <ItemGroup>
    <ClInclude Include="..\..\include\JFStudyClasses\JFStudyClasses.h" />
    <ClInclude Include="..\..\include\JFStudyClasses\JFLinkedList.h">
      <Filter>LinkedList</Filter>
    </ClInclude>
    <ClInclude Include="..\..\include\JFStudyClasses\JFSortUtiles.h" />
  </ItemGroup>
  <ItemGroup>
    <Filter Include="LinkedList">
      <UniqueIdentifier>{8ae21222-eed2-4cb0-ab71-70fb809fecb1}</UniqueIdentifier>
    </Filter>
  </ItemGroup>
  <ItemGroup>
    <ClCompile Include="JFSortUtiles.cpp" />
  </ItemGroup>
</Project>